# This file is automatically @generated by Cargo.
# It is not intended for manual editing.
[[package]]
name = "SITL"
version = "0.0.0"
dependencies = [
 "c2rust-asm-casts 0.1.1 (registry+https://github.com/rust-lang/crates.io-index)",
 "libc 0.2.71 (registry+https://github.com/rust-lang/crates.io-index)",
]

[[package]]
name = "c2rust-asm-casts"
version = "0.1.1"
source = "registry+https://github.com/rust-lang/crates.io-index"

[[package]]
name = "libc"
version = "0.2.71"
source = "registry+https://github.com/rust-lang/crates.io-index"

[metadata]
"checksum c2rust-asm-casts 0.1.1 (registry+https://github.com/rust-lang/crates.io-index)" = "61da1bee28b8e078a668885d6424a14fd0ea6a6b2646fdf4e44bda702df3fad8"
"checksum libc 0.2.71 (registry+https://github.com/rust-lang/crates.io-index)" = "9457b06509d27052635f90d6466700c65095fdf75409b3fbdd903e988b886f49"
